
Microsoft Visual Studio Solution File, Format Version 12.00
# Visual Studio Version 17
VisualStudioVersion = 17.8.34219.65
MinimumVisualStudioVersion = 10.0.40219.1
Project("{9A19103F-16F7-4668-BE54-9A1E7A4F7556}") = "RejitTest", "RejitTest\RejitTest.csproj", "{764BF9C3-5AD4-4181-956C-50DB8923253F}"
	ProjectSection(ProjectDependencies) = postProject
		{21036FD3-0A5B-403D-B7AF-4950ED156CC9} = {21036FD3-0A5B-403D-B7AF-4950ED156CC9}
		{2DDD1D5D-42E5-4981-B30B-1D9B3383B958} = {2DDD1D5D-42E5-4981-B30B-1D9B3383B958}
		{659CA07D-C239-48EF-B5F1-E8C7D96916CB} = {659CA07D-C239-48EF-B5F1-E8C7D96916CB}
		{7507E5DD-D4D8-4617-9124-A76341004AAB} = {7507E5DD-D4D8-4617-9124-A76341004AAB}
		{9D2F97F8-DE2E-4463-A425-823A755159BC} = {9D2F97F8-DE2E-4463-A425-823A755159BC}
		{A0585FAB-548F-44B3-BCBE-9242CBC26A19} = {A0585FAB-548F-44B3-BCBE-9242CBC26A19}
		{B722970C-63F2-42C6-BD43-CD64EAA4B944} = {B722970C-63F2-42C6-BD43-CD64EAA4B944}
		{D111AC76-7D65-478D-B12E-F7ED7835291A} = {D111AC76-7D65-478D-B12E-F7ED7835291A}
	EndProjectSection
EndProject
Project("{8BC9CEB8-8B4A-11D0-8D11-00A0C91BC942}") = "RejitLib", "RejitLib\RejitLib.vcxproj", "{2DDD1D5D-42E5-4981-B30B-1D9B3383B958}"
EndProject
Project("{2150E333-8FDC-42A3-9474-1A3956D46DE8}") = "Engine", "Engine", "{9C436B7B-D60C-4B56-BEC5-F9E53E3EC85A}"
EndProject
Project("{8BC9CEB8-8B4A-11D0-8D11-00A0C91BC942}") = "Common.Lib", "Engine\src\Common.Lib\Common.Lib.vcxproj", "{A0585FAB-548F-44B3-BCBE-9242CBC26A19}"
EndProject
Project("{9A19103F-16F7-4668-BE54-9A1E7A4F7556}") = "Extensions.Base.Api", "Engine\src\Extensions.Base.Api\Extensions.Base.Api.csproj", "{D111AC76-7D65-478D-B12E-F7ED7835291A}"
EndProject
Project("{8BC9CEB8-8B4A-11D0-8D11-00A0C91BC942}") = "Extensions.BaseLib", "Engine\src\Extensions.BaseLib\Extensions.BaseLib.vcxproj", "{B722970C-63F2-42C6-BD43-CD64EAA4B944}"
EndProject
Project("{8BC9CEB8-8B4A-11D0-8D11-00A0C91BC942}") = "ExtensionsCommon", "Engine\src\ExtensionsCommon\ExtensionsCommon.vcxproj", "{9D2F97F8-DE2E-4463-A425-823A755159BC}"
EndProject
Project("{8BC9CEB8-8B4A-11D0-8D11-00A0C91BC942}") = "InstrumentationEngine", "Engine\src\InstrumentationEngine\InstrumentationEngine.vcxproj", "{659CA07D-C239-48EF-B5F1-E8C7D96916CB}"
EndProject
Project("{8BC9CEB8-8B4A-11D0-8D11-00A0C91BC942}") = "InstrumentationEngine.Extensions.Base", "Engine\src\Extensions.Base\Extensions.Base.vcxproj", "{21036FD3-0A5B-403D-B7AF-4950ED156CC9}"
EndProject
Project("{8BC9CEB8-8B4A-11D0-8D11-00A0C91BC942}") = "InstrumentationEngine.Lib", "Engine\src\InstrumentationEngine.Lib\InstrumentationEngine.Lib.vcxproj", "{7507E5DD-D4D8-4617-9124-A76341004AAB}"
EndProject
Global
	GlobalSection(SolutionConfigurationPlatforms) = preSolution
		Debug|x64 = Debug|x64
		Debug|x86 = Debug|x86
		Release|x64 = Release|x64
		Release|x86 = Release|x86
	EndGlobalSection
	GlobalSection(ProjectConfigurationPlatforms) = postSolution
		{764BF9C3-5AD4-4181-956C-50DB8923253F}.Debug|x64.ActiveCfg = Debug|x64
		{764BF9C3-5AD4-4181-956C-50DB8923253F}.Debug|x64.Build.0 = Debug|x64
		{764BF9C3-5AD4-4181-956C-50DB8923253F}.Debug|x86.ActiveCfg = Debug|x86
		{764BF9C3-5AD4-4181-956C-50DB8923253F}.Debug|x86.Build.0 = Debug|x86
		{764BF9C3-5AD4-4181-956C-50DB8923253F}.Release|x64.ActiveCfg = Release|x64
		{764BF9C3-5AD4-4181-956C-50DB8923253F}.Release|x64.Build.0 = Release|x64
		{764BF9C3-5AD4-4181-956C-50DB8923253F}.Release|x86.ActiveCfg = Release|x86
		{764BF9C3-5AD4-4181-956C-50DB8923253F}.Release|x86.Build.0 = Release|x86
		{2DDD1D5D-42E5-4981-B30B-1D9B3383B958}.Debug|x64.ActiveCfg = Debug|x64
		{2DDD1D5D-42E5-4981-B30B-1D9B3383B958}.Debug|x64.Build.0 = Debug|x64
		{2DDD1D5D-42E5-4981-B30B-1D9B3383B958}.Debug|x86.ActiveCfg = Debug|Win32
		{2DDD1D5D-42E5-4981-B30B-1D9B3383B958}.Debug|x86.Build.0 = Debug|Win32
		{2DDD1D5D-42E5-4981-B30B-1D9B3383B958}.Release|x64.ActiveCfg = Release|x64
		{2DDD1D5D-42E5-4981-B30B-1D9B3383B958}.Release|x64.Build.0 = Release|x64
		{2DDD1D5D-42E5-4981-B30B-1D9B3383B958}.Release|x86.ActiveCfg = Release|Win32
		{2DDD1D5D-42E5-4981-B30B-1D9B3383B958}.Release|x86.Build.0 = Release|Win32
		{A0585FAB-548F-44B3-BCBE-9242CBC26A19}.Debug|x64.ActiveCfg = Debug|x64
		{A0585FAB-548F-44B3-BCBE-9242CBC26A19}.Debug|x64.Build.0 = Debug|x64
		{A0585FAB-548F-44B3-BCBE-9242CBC26A19}.Debug|x86.ActiveCfg = Debug|Win32
		{A0585FAB-548F-44B3-BCBE-9242CBC26A19}.Debug|x86.Build.0 = Debug|Win32
		{A0585FAB-548F-44B3-BCBE-9242CBC26A19}.Release|x64.ActiveCfg = Release|x64
		{A0585FAB-548F-44B3-BCBE-9242CBC26A19}.Release|x64.Build.0 = Release|x64
		{A0585FAB-548F-44B3-BCBE-9242CBC26A19}.Release|x86.ActiveCfg = Release|Win32
		{A0585FAB-548F-44B3-BCBE-9242CBC26A19}.Release|x86.Build.0 = Release|Win32
		{D111AC76-7D65-478D-B12E-F7ED7835291A}.Debug|x64.ActiveCfg = Debug|Any CPU
		{D111AC76-7D65-478D-B12E-F7ED7835291A}.Debug|x64.Build.0 = Debug|Any CPU
		{D111AC76-7D65-478D-B12E-F7ED7835291A}.Debug|x86.ActiveCfg = Debug|Any CPU
		{D111AC76-7D65-478D-B12E-F7ED7835291A}.Debug|x86.Build.0 = Debug|Any CPU
		{D111AC76-7D65-478D-B12E-F7ED7835291A}.Release|x64.ActiveCfg = Release|Any CPU
		{D111AC76-7D65-478D-B12E-F7ED7835291A}.Release|x64.Build.0 = Release|Any CPU
		{D111AC76-7D65-478D-B12E-F7ED7835291A}.Release|x86.ActiveCfg = Release|Any CPU
		{D111AC76-7D65-478D-B12E-F7ED7835291A}.Release|x86.Build.0 = Release|Any CPU
		{B722970C-63F2-42C6-BD43-CD64EAA4B944}.Debug|x64.ActiveCfg = Debug|x64
		{B722970C-63F2-42C6-BD43-CD64EAA4B944}.Debug|x64.Build.0 = Debug|x64
		{B722970C-63F2-42C6-BD43-CD64EAA4B944}.Debug|x86.ActiveCfg = Debug|Win32
		{B722970C-63F2-42C6-BD43-CD64EAA4B944}.Debug|x86.Build.0 = Debug|Win32
		{B722970C-63F2-42C6-BD43-CD64EAA4B944}.Release|x64.ActiveCfg = Release|x64
		{B722970C-63F2-42C6-BD43-CD64EAA4B944}.Release|x64.Build.0 = Release|x64
		{B722970C-63F2-42C6-BD43-CD64EAA4B944}.Release|x86.ActiveCfg = Release|Win32
		{B722970C-63F2-42C6-BD43-CD64EAA4B944}.Release|x86.Build.0 = Release|Win32
		{9D2F97F8-DE2E-4463-A425-823A755159BC}.Debug|x64.ActiveCfg = Debug|x64
		{9D2F97F8-DE2E-4463-A425-823A755159BC}.Debug|x64.Build.0 = Debug|x64
		{9D2F97F8-DE2E-4463-A425-823A755159BC}.Debug|x86.ActiveCfg = Debug|Win32
		{9D2F97F8-DE2E-4463-A425-823A755159BC}.Debug|x86.Build.0 = Debug|Win32
		{9D2F97F8-DE2E-4463-A425-823A755159BC}.Release|x64.ActiveCfg = Release|x64
		{9D2F97F8-DE2E-4463-A425-823A755159BC}.Release|x64.Build.0 = Release|x64
		{9D2F97F8-DE2E-4463-A425-823A755159BC}.Release|x86.ActiveCfg = Release|Win32
		{9D2F97F8-DE2E-4463-A425-823A755159BC}.Release|x86.Build.0 = Release|Win32
		{659CA07D-C239-48EF-B5F1-E8C7D96916CB}.Debug|x64.ActiveCfg = Debug|x64
		{659CA07D-C239-48EF-B5F1-E8C7D96916CB}.Debug|x64.Build.0 = Debug|x64
		{659CA07D-C239-48EF-B5F1-E8C7D96916CB}.Debug|x86.ActiveCfg = Debug|Win32
		{659CA07D-C239-48EF-B5F1-E8C7D96916CB}.Debug|x86.Build.0 = Debug|Win32
		{659CA07D-C239-48EF-B5F1-E8C7D96916CB}.Release|x64.ActiveCfg = Release|x64
		{659CA07D-C239-48EF-B5F1-E8C7D96916CB}.Release|x64.Build.0 = Release|x64
		{659CA07D-C239-48EF-B5F1-E8C7D96916CB}.Release|x86.ActiveCfg = Release|Win32
		{659CA07D-C239-48EF-B5F1-E8C7D96916CB}.Release|x86.Build.0 = Release|Win32
		{21036FD3-0A5B-403D-B7AF-4950ED156CC9}.Debug|x64.ActiveCfg = Debug|x64
		{21036FD3-0A5B-403D-B7AF-4950ED156CC9}.Debug|x64.Build.0 = Debug|x64
		{21036FD3-0A5B-403D-B7AF-4950ED156CC9}.Debug|x86.ActiveCfg = Debug|Win32
		{21036FD3-0A5B-403D-B7AF-4950ED156CC9}.Debug|x86.Build.0 = Debug|Win32
		{21036FD3-0A5B-403D-B7AF-4950ED156CC9}.Release|x64.ActiveCfg = Release|x64
		{21036FD3-0A5B-403D-B7AF-4950ED156CC9}.Release|x64.Build.0 = Release|x64
		{21036FD3-0A5B-403D-B7AF-4950ED156CC9}.Release|x86.ActiveCfg = Release|Win32
		{21036FD3-0A5B-403D-B7AF-4950ED156CC9}.Release|x86.Build.0 = Release|Win32
		{7507E5DD-D4D8-4617-9124-A76341004AAB}.Debug|x64.ActiveCfg = Debug|x64
		{7507E5DD-D4D8-4617-9124-A76341004AAB}.Debug|x64.Build.0 = Debug|x64
		{7507E5DD-D4D8-4617-9124-A76341004AAB}.Debug|x86.ActiveCfg = Debug|Win32
		{7507E5DD-D4D8-4617-9124-A76341004AAB}.Debug|x86.Build.0 = Debug|Win32
		{7507E5DD-D4D8-4617-9124-A76341004AAB}.Release|x64.ActiveCfg = Release|x64
		{7507E5DD-D4D8-4617-9124-A76341004AAB}.Release|x64.Build.0 = Release|x64
		{7507E5DD-D4D8-4617-9124-A76341004AAB}.Release|x86.ActiveCfg = Release|Win32
		{7507E5DD-D4D8-4617-9124-A76341004AAB}.Release|x86.Build.0 = Release|Win32
	EndGlobalSection
	GlobalSection(SolutionProperties) = preSolution
		HideSolutionNode = FALSE
	EndGlobalSection
	GlobalSection(NestedProjects) = preSolution
		{A0585FAB-548F-44B3-BCBE-9242CBC26A19} = {9C436B7B-D60C-4B56-BEC5-F9E53E3EC85A}
		{D111AC76-7D65-478D-B12E-F7ED7835291A} = {9C436B7B-D60C-4B56-BEC5-F9E53E3EC85A}
		{B722970C-63F2-42C6-BD43-CD64EAA4B944} = {9C436B7B-D60C-4B56-BEC5-F9E53E3EC85A}
		{9D2F97F8-DE2E-4463-A425-823A755159BC} = {9C436B7B-D60C-4B56-BEC5-F9E53E3EC85A}
		{659CA07D-C239-48EF-B5F1-E8C7D96916CB} = {9C436B7B-D60C-4B56-BEC5-F9E53E3EC85A}
		{21036FD3-0A5B-403D-B7AF-4950ED156CC9} = {9C436B7B-D60C-4B56-BEC5-F9E53E3EC85A}
		{7507E5DD-D4D8-4617-9124-A76341004AAB} = {9C436B7B-D60C-4B56-BEC5-F9E53E3EC85A}
	EndGlobalSection
	GlobalSection(ExtensibilityGlobals) = postSolution
		SolutionGuid = {54F0F35D-B6B0-44A9-A213-0C9913442C8A}
	EndGlobalSection
EndGlobal
